
Microsoft Visual Studio Solution File, Format Version 12.00
# Visual Studio Version 17
VisualStudioVersion = 17.6.33815.320
MinimumVisualStudioVersion = 10.0.40219.1
Project("{FAE04EC0-301F-11D3-BF4B-00C04F79EFBC}") = "VezeetaApi", "VezeetaApi\VezeetaApi.csproj", "{1801C9E9-8934-47A0-ABDE-39E6D2EC73E1}"
EndProject
Project("{FAE04EC0-301F-11D3-BF4B-00C04F79EFBC}") = "VezeetaApi.Domain", "VezeetaApi.Domain\VezeetaApi.Domain.csproj", "{BEC83BBD-BAB5-4F13-A94E-CB35552A09C6}"
EndProject
Project("{FAE04EC0-301F-11D3-BF4B-00C04F79EFBC}") = "VezeetaApi.Application", "VezeetaApi.Application\VezeetaApi.Application.csproj", "{8700A3B2-82DA-44A4-B5B4-2C7EADE8A5CD}"
EndProject
Project("{FAE04EC0-301F-11D3-BF4B-00C04F79EFBC}") = "VezeetaApi.Infrastructure", "VezeetaApi.Infrastructure\VezeetaApi.Infrastructure.csproj", "{788A82E0-B06C-44A7-BF19-AB0A2150C2A9}"
EndProject
Global
	GlobalSection(SolutionConfigurationPlatforms) = preSolution
		Debug|Any CPU = Debug|Any CPU
		Release|Any CPU = Release|Any CPU
	EndGlobalSection
	GlobalSection(ProjectConfigurationPlatforms) = postSolution
		{1801C9E9-8934-47A0-ABDE-39E6D2EC73E1}.Debug|Any CPU.ActiveCfg = Debug|Any CPU
		{1801C9E9-8934-47A0-ABDE-39E6D2EC73E1}.Debug|Any CPU.Build.0 = Debug|Any CPU
		{1801C9E9-8934-47A0-ABDE-39E6D2EC73E1}.Release|Any CPU.ActiveCfg = Release|Any CPU
		{1801C9E9-8934-47A0-ABDE-39E6D2EC73E1}.Release|Any CPU.Build.0 = Release|Any CPU
		{BEC83BBD-BAB5-4F13-A94E-CB35552A09C6}.Debug|Any CPU.ActiveCfg = Debug|Any CPU
		{BEC83BBD-BAB5-4F13-A94E-CB35552A09C6}.Debug|Any CPU.Build.0 = Debug|Any CPU
		{BEC83BBD-BAB5-4F13-A94E-CB35552A09C6}.Release|Any CPU.ActiveCfg = Release|Any CPU
		{BEC83BBD-BAB5-4F13-A94E-CB35552A09C6}.Release|Any CPU.Build.0 = Release|Any CPU
		{8700A3B2-82DA-44A4-B5B4-2C7EADE8A5CD}.Debug|Any CPU.ActiveCfg = Debug|Any CPU
		{8700A3B2-82DA-44A4-B5B4-2C7EADE8A5CD}.Debug|Any CPU.Build.0 = Debug|Any CPU
		{8700A3B2-82DA-44A4-B5B4-2C7EADE8A5CD}.Release|Any CPU.ActiveCfg = Release|Any CPU
		{8700A3B2-82DA-44A4-B5B4-2C7EADE8A5CD}.Release|Any CPU.Build.0 = Release|Any CPU
		{788A82E0-B06C-44A7-BF19-AB0A2150C2A9}.Debug|Any CPU.ActiveCfg = Debug|Any CPU
		{788A82E0-B06C-44A7-BF19-AB0A2150C2A9}.Debug|Any CPU.Build.0 = Debug|Any CPU
		{788A82E0-B06C-44A7-BF19-AB0A2150C2A9}.Release|Any CPU.ActiveCfg = Release|Any CPU
		{788A82E0-B06C-44A7-BF19-AB0A2150C2A9}.Release|Any CPU.Build.0 = Release|Any CPU
	EndGlobalSection
	GlobalSection(SolutionProperties) = preSolution
		HideSolutionNode = FALSE
	EndGlobalSection
	GlobalSection(ExtensibilityGlobals) = postSolution
		SolutionGuid = {220FC332-FC7E-438B-8F6A-E286D449D9EB}
	EndGlobalSection
EndGlobal
